{
  "name": "runner",
  "version": "1.0.0",
  "lockfileVersion": 1,
  "requires": true,
  "dependencies": {
    "systeminformation": {
      "version": "4.14.4",
      "resolved": "https://registry.npmjs.org/systeminformation/-/systeminformation-4.14.4.tgz",
      "integrity": "sha512-ib2dodksiiaGOW4rcKvFr5naHkODI9GwQPugLb6FLKppkIsE7rj2dfY2UdMBr7oX0/iZP981hoxmbk2e6zl99Q=="
    }
  }
}
